
Microsoft Visual Studio Solution File, Format Version 12.00
# Visual Studio Version 17
VisualStudioVersion = 17.0.31919.166
MinimumVisualStudioVersion = 10.0.40219.1
Project("{FAE04EC0-301F-11D3-BF4B-00C04F79EFBC}") = "WeatherApp.UWP", "WeatherApp\WeatherApp.UWP\WeatherApp.UWP.csproj", "{2AA8CC13-105B-40EC-89AC-C28ECD4B8FFC}"
EndProject
Project("{FAE04EC0-301F-11D3-BF4B-00C04F79EFBC}") = "WeatherApp.Android", "WeatherApp\WeatherApp.Android\WeatherApp.Android.csproj", "{83664E19-C3DF-43E5-BB92-EC666D294837}"
EndProject
Project("{FAE04EC0-301F-11D3-BF4B-00C04F79EFBC}") = "WeatherApp.iOS", "WeatherApp\WeatherApp.iOS\WeatherApp.iOS.csproj", "{71297D65-AEC5-4B90-8F16-311791031CEC}"
EndProject
Project("{FAE04EC0-301F-11D3-BF4B-00C04F79EFBC}") = "WeatherApp", "WeatherApp\WeatherApp\WeatherApp.csproj", "{49CD7DB3-75A1-4E0F-9AAD-02CC4A938A7E}"
EndProject
Global
	GlobalSection(SolutionConfigurationPlatforms) = preSolution
		Debug|Any CPU = Debug|Any CPU
		Debug|ARM = Debug|ARM
		Debug|iPhone = Debug|iPhone
		Debug|iPhoneSimulator = Debug|iPhoneSimulator
		Debug|x64 = Debug|x64
		Debug|x86 = Debug|x86
		Release|Any CPU = Release|Any CPU
		Release|ARM = Release|ARM
		Release|iPhone = Release|iPhone
		Release|iPhoneSimulator = Release|iPhoneSimulator
		Release|x64 = Release|x64
		Release|x86 = Release|x86
	EndGlobalSection
	GlobalSection(ProjectConfigurationPlatforms) = postSolution
		{2AA8CC13-105B-40EC-89AC-C28ECD4B8FFC}.Debug|Any CPU.ActiveCfg = Debug|x64
		{2AA8CC13-105B-40EC-89AC-C28ECD4B8FFC}.Debug|ARM.ActiveCfg = Debug|ARM
		{2AA8CC13-105B-40EC-89AC-C28ECD4B8FFC}.Debug|ARM.Build.0 = Debug|ARM
		{2AA8CC13-105B-40EC-89AC-C28ECD4B8FFC}.Debug|ARM.Deploy.0 = Debug|ARM
		{2AA8CC13-105B-40EC-89AC-C28ECD4B8FFC}.Debug|iPhone.ActiveCfg = Debug|x64
		{2AA8CC13-105B-40EC-89AC-C28ECD4B8FFC}.Debug|iPhoneSimulator.ActiveCfg = Debug|x64
		{2AA8CC13-105B-40EC-89AC-C28ECD4B8FFC}.Debug|x64.ActiveCfg = Debug|x64
		{2AA8CC13-105B-40EC-89AC-C28ECD4B8FFC}.Debug|x64.Build.0 = Debug|x64
		{2AA8CC13-105B-40EC-89AC-C28ECD4B8FFC}.Debug|x64.Deploy.0 = Debug|x64
		{2AA8CC13-105B-40EC-89AC-C28ECD4B8FFC}.Debug|x86.ActiveCfg = Debug|x86
		{2AA8CC13-105B-40EC-89AC-C28ECD4B8FFC}.Debug|x86.Build.0 = Debug|x86
		{2AA8CC13-105B-40EC-89AC-C28ECD4B8FFC}.Debug|x86.Deploy.0 = Debug|x86
		{2AA8CC13-105B-40EC-89AC-C28ECD4B8FFC}.Release|Any CPU.ActiveCfg = Release|x64
		{2AA8CC13-105B-40EC-89AC-C28ECD4B8FFC}.Release|ARM.ActiveCfg = Release|ARM
		{2AA8CC13-105B-40EC-89AC-C28ECD4B8FFC}.Release|ARM.Build.0 = Release|ARM
		{2AA8CC13-105B-40EC-89AC-C28ECD4B8FFC}.Release|ARM.Deploy.0 = Release|ARM
		{2AA8CC13-105B-40EC-89AC-C28ECD4B8FFC}.Release|iPhone.ActiveCfg = Release|x64
		{2AA8CC13-105B-40EC-89AC-C28ECD4B8FFC}.Release|iPhoneSimulator.ActiveCfg = Release|x64
		{2AA8CC13-105B-40EC-89AC-C28ECD4B8FFC}.Release|x64.ActiveCfg = Release|x64
		{2AA8CC13-105B-40EC-89AC-C28ECD4B8FFC}.Release|x64.Build.0 = Release|x64
		{2AA8CC13-105B-40EC-89AC-C28ECD4B8FFC}.Release|x64.Deploy.0 = Release|x64
		{2AA8CC13-105B-40EC-89AC-C28ECD4B8FFC}.Release|x86.ActiveCfg = Release|x86
		{2AA8CC13-105B-40EC-89AC-C28ECD4B8FFC}.Release|x86.Build.0 = Release|x86
		{2AA8CC13-105B-40EC-89AC-C28ECD4B8FFC}.Release|x86.Deploy.0 = Release|x86
		{83664E19-C3DF-43E5-BB92-EC666D294837}.Debug|Any CPU.ActiveCfg = Debug|Any CPU
		{83664E19-C3DF-43E5-BB92-EC666D294837}.Debug|Any CPU.Build.0 = Debug|Any CPU
		{83664E19-C3DF-43E5-BB92-EC666D294837}.Debug|Any CPU.Deploy.0 = Debug|Any CPU
		{83664E19-C3DF-43E5-BB92-EC666D294837}.Debug|ARM.ActiveCfg = Debug|Any CPU
		{83664E19-C3DF-43E5-BB92-EC666D294837}.Debug|ARM.Build.0 = Debug|Any CPU
		{83664E19-C3DF-43E5-BB92-EC666D294837}.Debug|ARM.Deploy.0 = Debug|Any CPU
		{83664E19-C3DF-43E5-BB92-EC666D294837}.Debug|iPhone.ActiveCfg = Debug|Any CPU
		{83664E19-C3DF-43E5-BB92-EC666D294837}.Debug|iPhone.Build.0 = Debug|Any CPU
		{83664E19-C3DF-43E5-BB92-EC666D294837}.Debug|iPhone.Deploy.0 = Debug|Any CPU
		{83664E19-C3DF-43E5-BB92-EC666D294837}.Debug|iPhoneSimulator.ActiveCfg = Debug|Any CPU
		{83664E19-C3DF-43E5-BB92-EC666D294837}.Debug|iPhoneSimulator.Build.0 = Debug|Any CPU
		{83664E19-C3DF-43E5-BB92-EC666D294837}.Debug|iPhoneSimulator.Deploy.0 = Debug|Any CPU
		{83664E19-C3DF-43E5-BB92-EC666D294837}.Debug|x64.ActiveCfg = Debug|Any CPU
		{83664E19-C3DF-43E5-BB92-EC666D294837}.Debug|x64.Build.0 = Debug|Any CPU
		{83664E19-C3DF-43E5-BB92-EC666D294837}.Debug|x64.Deploy.0 = Debug|Any CPU
		{83664E19-C3DF-43E5-BB92-EC666D294837}.Debug|x86.ActiveCfg = Debug|Any CPU
		{83664E19-C3DF-43E5-BB92-EC666D294837}.Debug|x86.Build.0 = Debug|Any CPU
		{83664E19-C3DF-43E5-BB92-EC666D294837}.Debug|x86.Deploy.0 = Debug|Any CPU
		{83664E19-C3DF-43E5-BB92-EC666D294837}.Release|Any CPU.ActiveCfg = Release|Any CPU
		{83664E19-C3DF-43E5-BB92-EC666D294837}.Release|Any CPU.Build.0 = Release|Any CPU
		{83664E19-C3DF-43E5-BB92-EC666D294837}.Release|Any CPU.Deploy.0 = Release|Any CPU
		{83664E19-C3DF-43E5-BB92-EC666D294837}.Release|ARM.ActiveCfg = Release|Any CPU
		{83664E19-C3DF-43E5-BB92-EC666D294837}.Release|ARM.Build.0 = Release|Any CPU
		{83664E19-C3DF-43E5-BB92-EC666D294837}.Release|ARM.Deploy.0 = Release|Any CPU
		{83664E19-C3DF-43E5-BB92-EC666D294837}.Release|iPhone.ActiveCfg = Release|Any CPU
		{83664E19-C3DF-43E5-BB92-EC666D294837}.Release|iPhone.Build.0 = Release|Any CPU
		{83664E19-C3DF-43E5-BB92-EC666D294837}.Release|iPhone.Deploy.0 = Release|Any CPU
		{83664E19-C3DF-43E5-BB92-EC666D294837}.Release|iPhoneSimulator.ActiveCfg = Release|Any CPU
		{83664E19-C3DF-43E5-BB92-EC666D294837}.Release|iPhoneSimulator.Build.0 = Release|Any CPU
		{83664E19-C3DF-43E5-BB92-EC666D294837}.Release|iPhoneSimulator.Deploy.0 = Release|Any CPU
		{83664E19-C3DF-43E5-BB92-EC666D294837}.Release|x64.ActiveCfg = Release|Any CPU
		{83664E19-C3DF-43E5-BB92-EC666D294837}.Release|x64.Build.0 = Release|Any CPU
		{83664E19-C3DF-43E5-BB92-EC666D294837}.Release|x64.Deploy.0 = Release|Any CPU
		{83664E19-C3DF-43E5-BB92-EC666D294837}.Release|x86.ActiveCfg = Release|Any CPU
		{83664E19-C3DF-43E5-BB92-EC666D294837}.Release|x86.Build.0 = Release|Any CPU
		{83664E19-C3DF-43E5-BB92-EC666D294837}.Release|x86.Deploy.0 = Release|Any CPU
		{71297D65-AEC5-4B90-8F16-311791031CEC}.Debug|Any CPU.ActiveCfg = Debug|iPhoneSimulator
		{71297D65-AEC5-4B90-8F16-311791031CEC}.Debug|Any CPU.Build.0 = Debug|iPhoneSimulator
		{71297D65-AEC5-4B90-8F16-311791031CEC}.Debug|Any CPU.Deploy.0 = Debug|iPhoneSimulator
		{71297D65-AEC5-4B90-8F16-311791031CEC}.Debug|ARM.ActiveCfg = Debug|iPhoneSimulator
		{71297D65-AEC5-4B90-8F16-311791031CEC}.Debug|ARM.Build.0 = Debug|iPhoneSimulator
		{71297D65-AEC5-4B90-8F16-311791031CEC}.Debug|ARM.Deploy.0 = Debug|iPhoneSimulator
		{71297D65-AEC5-4B90-8F16-311791031CEC}.Debug|iPhone.ActiveCfg = Debug|iPhone
		{71297D65-AEC5-4B90-8F16-311791031CEC}.Debug|iPhone.Build.0 = Debug|iPhone
		{71297D65-AEC5-4B90-8F16-311791031CEC}.Debug|iPhone.Deploy.0 = Debug|iPhone
		{71297D65-AEC5-4B90-8F16-311791031CEC}.Debug|iPhoneSimulator.ActiveCfg = Debug|iPhoneSimulator
		{71297D65-AEC5-4B90-8F16-311791031CEC}.Debug|iPhoneSimulator.Build.0 = Debug|iPhoneSimulator
		{71297D65-AEC5-4B90-8F16-311791031CEC}.Debug|iPhoneSimulator.Deploy.0 = Debug|iPhoneSimulator
		{71297D65-AEC5-4B90-8F16-311791031CEC}.Debug|x64.ActiveCfg = Debug|iPhone
		{71297D65-AEC5-4B90-8F16-311791031CEC}.Debug|x64.Build.0 = Debug|iPhone
		{71297D65-AEC5-4B90-8F16-311791031CEC}.Debug|x64.Deploy.0 = Debug|iPhone
		{71297D65-AEC5-4B90-8F16-311791031CEC}.Debug|x86.ActiveCfg = Debug|iPhoneSimulator
		{71297D65-AEC5-4B90-8F16-311791031CEC}.Debug|x86.Build.0 = Debug|iPhoneSimulator
		{71297D65-AEC5-4B90-8F16-311791031CEC}.Debug|x86.Deploy.0 = Debug|iPhoneSimulator
		{71297D65-AEC5-4B90-8F16-311791031CEC}.Release|Any CPU.ActiveCfg = Release|iPhoneSimulator
		{71297D65-AEC5-4B90-8F16-311791031CEC}.Release|Any CPU.Build.0 = Release|iPhoneSimulator
		{71297D65-AEC5-4B90-8F16-311791031CEC}.Release|Any CPU.Deploy.0 = Release|iPhoneSimulator
		{71297D65-AEC5-4B90-8F16-311791031CEC}.Release|ARM.ActiveCfg = Release|iPhoneSimulator
		{71297D65-AEC5-4B90-8F16-311791031CEC}.Release|ARM.Build.0 = Release|iPhoneSimulator
		{71297D65-AEC5-4B90-8F16-311791031CEC}.Release|ARM.Deploy.0 = Release|iPhoneSimulator
		{71297D65-AEC5-4B90-8F16-311791031CEC}.Release|iPhone.ActiveCfg = Release|iPhone
		{71297D65-AEC5-4B90-8F16-311791031CEC}.Release|iPhone.Build.0 = Release|iPhone
		{71297D65-AEC5-4B90-8F16-311791031CEC}.Release|iPhone.Deploy.0 = Release|iPhone
		{71297D65-AEC5-4B90-8F16-311791031CEC}.Release|iPhoneSimulator.ActiveCfg = Release|iPhoneSimulator
		{71297D65-AEC5-4B90-8F16-311791031CEC}.Release|iPhoneSimulator.Build.0 = Release|iPhoneSimulator
		{71297D65-AEC5-4B90-8F16-311791031CEC}.Release|iPhoneSimulator.Deploy.0 = Release|iPhoneSimulator
		{71297D65-AEC5-4B90-8F16-311791031CEC}.Release|x64.ActiveCfg = Release|iPhoneSimulator
		{71297D65-AEC5-4B90-8F16-311791031CEC}.Release|x64.Build.0 = Release|iPhoneSimulator
		{71297D65-AEC5-4B90-8F16-311791031CEC}.Release|x64.Deploy.0 = Release|iPhoneSimulator
		{71297D65-AEC5-4B90-8F16-311791031CEC}.Release|x86.ActiveCfg = Release|iPhoneSimulator
		{71297D65-AEC5-4B90-8F16-311791031CEC}.Release|x86.Build.0 = Release|iPhoneSimulator
		{71297D65-AEC5-4B90-8F16-311791031CEC}.Release|x86.Deploy.0 = Release|iPhoneSimulator
		{49CD7DB3-75A1-4E0F-9AAD-02CC4A938A7E}.Debug|Any CPU.ActiveCfg = Debug|Any CPU
		{49CD7DB3-75A1-4E0F-9AAD-02CC4A938A7E}.Debug|Any CPU.Build.0 = Debug|Any CPU
		{49CD7DB3-75A1-4E0F-9AAD-02CC4A938A7E}.Debug|Any CPU.Deploy.0 = Debug|Any CPU
		{49CD7DB3-75A1-4E0F-9AAD-02CC4A938A7E}.Debug|ARM.ActiveCfg = Debug|Any CPU
		{49CD7DB3-75A1-4E0F-9AAD-02CC4A938A7E}.Debug|ARM.Build.0 = Debug|Any CPU
		{49CD7DB3-75A1-4E0F-9AAD-02CC4A938A7E}.Debug|ARM.Deploy.0 = Debug|Any CPU
		{49CD7DB3-75A1-4E0F-9AAD-02CC4A938A7E}.Debug|iPhone.ActiveCfg = Debug|Any CPU
		{49CD7DB3-75A1-4E0F-9AAD-02CC4A938A7E}.Debug|iPhone.Build.0 = Debug|Any CPU
		{49CD7DB3-75A1-4E0F-9AAD-02CC4A938A7E}.Debug|iPhone.Deploy.0 = Debug|Any CPU
		{49CD7DB3-75A1-4E0F-9AAD-02CC4A938A7E}.Debug|iPhoneSimulator.ActiveCfg = Debug|Any CPU
		{49CD7DB3-75A1-4E0F-9AAD-02CC4A938A7E}.Debug|iPhoneSimulator.Build.0 = Debug|Any CPU
		{49CD7DB3-75A1-4E0F-9AAD-02CC4A938A7E}.Debug|iPhoneSimulator.Deploy.0 = Debug|Any CPU
		{49CD7DB3-75A1-4E0F-9AAD-02CC4A938A7E}.Debug|x64.ActiveCfg = Debug|Any CPU
		{49CD7DB3-75A1-4E0F-9AAD-02CC4A938A7E}.Debug|x64.Build.0 = Debug|Any CPU
		{49CD7DB3-75A1-4E0F-9AAD-02CC4A938A7E}.Debug|x64.Deploy.0 = Debug|Any CPU
		{49CD7DB3-75A1-4E0F-9AAD-02CC4A938A7E}.Debug|x86.ActiveCfg = Debug|Any CPU
		{49CD7DB3-75A1-4E0F-9AAD-02CC4A938A7E}.Debug|x86.Build.0 = Debug|Any CPU
		{49CD7DB3-75A1-4E0F-9AAD-02CC4A938A7E}.Debug|x86.Deploy.0 = Debug|Any CPU
		{49CD7DB3-75A1-4E0F-9AAD-02CC4A938A7E}.Release|Any CPU.ActiveCfg = Release|Any CPU
		{49CD7DB3-75A1-4E0F-9AAD-02CC4A938A7E}.Release|Any CPU.Build.0 = Release|Any CPU
		{49CD7DB3-75A1-4E0F-9AAD-02CC4A938A7E}.Release|Any CPU.Deploy.0 = Release|Any CPU
		{49CD7DB3-75A1-4E0F-9AAD-02CC4A938A7E}.Release|ARM.ActiveCfg = Release|Any CPU
		{49CD7DB3-75A1-4E0F-9AAD-02CC4A938A7E}.Release|ARM.Build.0 = Release|Any CPU
		{49CD7DB3-75A1-4E0F-9AAD-02CC4A938A7E}.Release|ARM.Deploy.0 = Release|Any CPU
		{49CD7DB3-75A1-4E0F-9AAD-02CC4A938A7E}.Release|iPhone.ActiveCfg = Release|Any CPU
		{49CD7DB3-75A1-4E0F-9AAD-02CC4A938A7E}.Release|iPhone.Build.0 = Release|Any CPU
		{49CD7DB3-75A1-4E0F-9AAD-02CC4A938A7E}.Release|iPhone.Deploy.0 = Release|Any CPU
		{49CD7DB3-75A1-4E0F-9AAD-02CC4A938A7E}.Release|iPhoneSimulator.ActiveCfg = Release|Any CPU
		{49CD7DB3-75A1-4E0F-9AAD-02CC4A938A7E}.Release|iPhoneSimulator.Build.0 = Release|Any CPU
		{49CD7DB3-75A1-4E0F-9AAD-02CC4A938A7E}.Release|iPhoneSimulator.Deploy.0 = Release|Any CPU
		{49CD7DB3-75A1-4E0F-9AAD-02CC4A938A7E}.Release|x64.ActiveCfg = Release|Any CPU
		{49CD7DB3-75A1-4E0F-9AAD-02CC4A938A7E}.Release|x64.Build.0 = Release|Any CPU
		{49CD7DB3-75A1-4E0F-9AAD-02CC4A938A7E}.Release|x64.Deploy.0 = Release|Any CPU
		{49CD7DB3-75A1-4E0F-9AAD-02CC4A938A7E}.Release|x86.ActiveCfg = Release|Any CPU
		{49CD7DB3-75A1-4E0F-9AAD-02CC4A938A7E}.Release|x86.Build.0 = Release|Any CPU
		{49CD7DB3-75A1-4E0F-9AAD-02CC4A938A7E}.Release|x86.Deploy.0 = Release|Any CPU
	EndGlobalSection
	GlobalSection(SolutionProperties) = preSolution
		HideSolutionNode = FALSE
	EndGlobalSection
	GlobalSection(ExtensibilityGlobals) = postSolution
		SolutionGuid = {8D78F319-1F28-4A5F-BD4B-DEDFD1B37CF4}
	EndGlobalSection
EndGlobal
